
Microsoft Visual Studio Solution File, Format Version 12.00
# Visual Studio Version 16
VisualStudioVersion = 16.0.30320.27
MinimumVisualStudioVersion = 10.0.40219.1
Project("{FAE04EC0-301F-11D3-BF4B-00C04F79EFBC}") = "TrueLayerChallenge.WebApi", "TrueLayerChallenge.WebApi\TrueLayerChallenge.WebApi.csproj", "{6F644B3C-D172-40DD-B04E-B2321704DCBA}"
EndProject
Project("{FAE04EC0-301F-11D3-BF4B-00C04F79EFBC}") = "TrueLayerChallenge.Domain", "TrueLayerChallenge.Domain\TrueLayerChallenge.Domain.csproj", "{25F4E46E-E97A-456C-8208-D6A6CE761189}"
EndProject
Global
	GlobalSection(SolutionConfigurationPlatforms) = preSolution
		Debug|Any CPU = Debug|Any CPU
		Release|Any CPU = Release|Any CPU
	EndGlobalSection
	GlobalSection(ProjectConfigurationPlatforms) = postSolution
		{6F644B3C-D172-40DD-B04E-B2321704DCBA}.Debug|Any CPU.ActiveCfg = Debug|Any CPU
		{6F644B3C-D172-40DD-B04E-B2321704DCBA}.Debug|Any CPU.Build.0 = Debug|Any CPU
		{6F644B3C-D172-40DD-B04E-B2321704DCBA}.Release|Any CPU.ActiveCfg = Release|Any CPU
		{6F644B3C-D172-40DD-B04E-B2321704DCBA}.Release|Any CPU.Build.0 = Release|Any CPU
		{25F4E46E-E97A-456C-8208-D6A6CE761189}.Debug|Any CPU.ActiveCfg = Debug|Any CPU
		{25F4E46E-E97A-456C-8208-D6A6CE761189}.Debug|Any CPU.Build.0 = Debug|Any CPU
		{25F4E46E-E97A-456C-8208-D6A6CE761189}.Release|Any CPU.ActiveCfg = Release|Any CPU
		{25F4E46E-E97A-456C-8208-D6A6CE761189}.Release|Any CPU.Build.0 = Release|Any CPU
	EndGlobalSection
	GlobalSection(SolutionProperties) = preSolution
		HideSolutionNode = FALSE
	EndGlobalSection
	GlobalSection(ExtensibilityGlobals) = postSolution
		SolutionGuid = {CB73D87B-A60F-4CB9-9CB0-E766DA8ACF1F}
	EndGlobalSection
EndGlobal
